// !$*UTF8*$!
{
	archiveVersion = 1;
	classes = {
	};
	objectVersion = 77;
	objects = {

/* Begin PBXBuildFile section */
		1424B5342E30078500B9B8A1 /* SprintStartApp.swift in Sources */ = {isa = PBXBuildFile; fileRef = 1424B5212E30078500B9B8A1 /* SprintStartApp.swift */; };
		14FF22692F6B715C00A9AC06 /* Sprint Start Pro.storekit in Resources */ = {isa = PBXBuildFile; fileRef = 14FF22682F6B715C00A9AC06 /* Sprint Start Pro.storekit */; };
		14FF226A2F6B715C00A9AC06 /* Sprint Start Pro.storekit in Resources */ = {isa = PBXBuildFile; fileRef = 14FF22682F6B715C00A9AC06 /* Sprint Start Pro.storekit */; };
		14FF226B2F6B715C00A9AC06 /* Sprint Start Pro.storekit in Resources */ = {isa = PBXBuildFile; fileRef = 14FF22682F6B715C00A9AC06 /* Sprint Start Pro.storekit */; };
/* End PBXBuildFile section */

/* Begin PBXContainerItemProxy section */
		149F35E42DF8D22A0088FB6F /* PBXContainerItemProxy */ = {
			isa = PBXContainerItemProxy;
			containerPortal = 149F35CA2DF8D2280088FB6F /* Project object */;
			proxyType = 1;
			remoteGlobalIDString = 149F35D12DF8D2280088FB6F;
			remoteInfo = SprintStart;
		};
		149F35EE2DF8D22A0088FB6F /* PBXContainerItemProxy */ = {
			isa = PBXContainerItemProxy;
			containerPortal = 149F35CA2DF8D2280088FB6F /* Project object */;
			proxyType = 1;
			remoteGlobalIDString = 149F35D12DF8D2280088FB6F;
			remoteInfo = SprintStart;
		};
/* End PBXContainerItemProxy section */

/* Begin PBXCopyFilesBuildPhase section */
		149F361E2DF90B210088FB6F /* Embed Frameworks */ = {
			isa = PBXCopyFilesBuildPhase;
			buildActionMask = 2147483647;
			dstPath = "";
			dstSubfolderSpec = 10;
			files = (
			);
			name = "Embed Frameworks";
			runOnlyForDeploymentPostprocessing = 0;
		};
		149F36262DF90B340088FB6F /* Embed Frameworks */ = {
			isa = PBXCopyFilesBuildPhase;
			buildActionMask = 2147483647;
			dstPath = "";
			dstSubfolderSpec = 10;
			files = (
			);
			name = "Embed Frameworks";
			runOnlyForDeploymentPostprocessing = 0;
		};
/* End PBXCopyFilesBuildPhase section */

/* Begin PBXFileReference section */
		1424B5212E30078500B9B8A1 /* SprintStartApp.swift */ = {isa = PBXFileReference; lastKnownFileType = sourcecode.swift; path = SprintStartApp.swift; sourceTree = "<group>"; };
		149F35D22DF8D2280088FB6F /* SprintStart.app */ = {isa = PBXFileReference; explicitFileType = wrapper.application; includeInIndex = 0; path = SprintStart.app; sourceTree = BUILT_PRODUCTS_DIR; };
		149F35E32DF8D22A0088FB6F /* SprintStartTests.xctest */ = {isa = PBXFileReference; explicitFileType = wrapper.cfbundle; includeInIndex = 0; path = SprintStartTests.xctest; sourceTree = BUILT_PRODUCTS_DIR; };
		149F35ED2DF8D22A0088FB6F /* SprintStartUITests.xctest */ = {isa = PBXFileReference; explicitFileType = wrapper.cfbundle; includeInIndex = 0; path = SprintStartUITests.xctest; sourceTree = BUILT_PRODUCTS_DIR; };
		14FF22682F6B715C00A9AC06 /* Sprint Start Pro.storekit */ = {isa = PBXFileReference; lastKnownFileType = text; path = "Sprint Start Pro.storekit"; sourceTree = "<group>"; };
/* End PBXFileReference section */

/* Begin PBXFileSystemSynchronizedRootGroup section */
		149F35D42DF8D2280088FB6F /* SprintStart */ = {
			isa = PBXFileSystemSynchronizedRootGroup;
			path = SprintStart;
			sourceTree = "<group>";
		};
		149F35E62DF8D22A0088FB6F /* SprintStartTests */ = {
			isa = PBXFileSystemSynchronizedRootGroup;
			path = SprintStartTests;
			sourceTree = "<group>";
		};
		149F35F02DF8D22A0088FB6F /* SprintStartUITests */ = {
			isa = PBXFileSystemSynchronizedRootGroup;
			path = SprintStartUITests;
			sourceTree = "<group>";
		};
/* End PBXFileSystemSynchronizedRootGroup section */

/* Begin PBXFrameworksBuildPhase section */
		149F35CF2DF8D2280088FB6F /* Frameworks */ = {
			isa = PBXFrameworksBuildPhase;
			buildActionMask = 2147483647;
			files = (
			);
			runOnlyForDeploymentPostprocessing = 0;
		};
		149F35E02DF8D22A0088FB6F /* Frameworks */ = {
			isa = PBXFrameworksBuildPhase;
			buildActionMask = 2147483647;
			files = (
			);
			runOnlyForDeploymentPostprocessing = 0;
		};
		149F35EA2DF8D22A0088FB6F /* Frameworks */ = {
			isa = PBXFrameworksBuildPhase;
			buildActionMask = 2147483647;
			files = (
			);
			runOnlyForDeploymentPostprocessing = 0;
		};
/* End PBXFrameworksBuildPhase section */

/* Begin PBXGroup section */
		149F35C92DF8D2280088FB6F = {
			isa = PBXGroup;
			children = (
				14FF22682F6B715C00A9AC06 /* Sprint Start Pro.storekit */,
				149F35D42DF8D2280088FB6F /* SprintStart */,
				1424B5212E30078500B9B8A1 /* SprintStartApp.swift */,
				149F35E62DF8D22A0088FB6F /* SprintStartTests */,
				149F35F02DF8D22A0088FB6F /* SprintStartUITests */,
				149F35D32DF8D2280088FB6F /* Products */,
			);
			sourceTree = "<group>";
		};
		149F35D32DF8D2280088FB6F /* Products */ = {
			isa = PBXGroup;
			children = (
				149F35D22DF8D2280088FB6F /* SprintStart.app */,
				149F35E32DF8D22A0088FB6F /* SprintStartTests.xctest */,
				149F35ED2DF8D22A0088FB6F /* SprintStartUITests.xctest */,
			);
			name = Products;
			sourceTree = "<group>";
		};
/* End PBXGroup section */

/* Begin PBXNativeTarget section */
		149F35D12DF8D2280088FB6F /* SprintStart */ = {
			isa = PBXNativeTarget;
			buildConfigurationList = 149F35F72DF8D22A0088FB6F /* Build configuration list for PBXNativeTarget "SprintStart" */;
			buildPhases = (
				149F35CE2DF8D2280088FB6F /* Sources */,
				149F35CF2DF8D2280088FB6F /* Frameworks */,
				149F35D02DF8D2280088FB6F /* Resources */,
				149F361E2DF90B210088FB6F /* Embed Frameworks */,
			);
			buildRules = (
			);
			dependencies = (
			);
			fileSystemSynchronizedGroups = (
				149F35D42DF8D2280088FB6F /* SprintStart */,
			);
			name = SprintStart;
			packageProductDependencies = (
			);
			productName = SprintStart;
			productReference = 149F35D22DF8D2280088FB6F /* SprintStart.app */;
			productType = "com.apple.product-type.application";
		};
		149F35E22DF8D22A0088FB6F /* SprintStartTests */ = {
			isa = PBXNativeTarget;
			buildConfigurationList = 149F35FA2DF8D22A0088FB6F /* Build configuration list for PBXNativeTarget "SprintStartTests" */;
			buildPhases = (
				149F35DF2DF8D22A0088FB6F /* Sources */,
				149F35E02DF8D22A0088FB6F /* Frameworks */,
				149F35E12DF8D22A0088FB6F /* Resources */,
			);
			buildRules = (
			);
			dependencies = (
				149F35E52DF8D22A0088FB6F /* PBXTargetDependency */,
			);
			fileSystemSynchronizedGroups = (
				149F35E62DF8D22A0088FB6F /* SprintStartTests */,
			);
			name = SprintStartTests;
			packageProductDependencies = (
			);
			productName = SprintStartTests;
			productReference = 149F35E32DF8D22A0088FB6F /* SprintStartTests.xctest */;
			productType = "com.apple.product-type.bundle.unit-test";
		};
		149F35EC2DF8D22A0088FB6F /* SprintStartUITests */ = {
			isa = PBXNativeTarget;
			buildConfigurationList = 149F35FD2DF8D22A0088FB6F /* Build configuration list for PBXNativeTarget "SprintStartUITests" */;
			buildPhases = (
				149F35E92DF8D22A0088FB6F /* Sources */,
				149F35EA2DF8D22A0088FB6F /* Frameworks */,
				149F35EB2DF8D22A0088FB6F /* Resources */,
				149F36262DF90B340088FB6F /* Embed Frameworks */,
			);
			buildRules = (
			);
			dependencies = (
				149F35EF2DF8D22A0088FB6F /* PBXTargetDependency */,
			);
			fileSystemSynchronizedGroups = (
				149F35F02DF8D22A0088FB6F /* SprintStartUITests */,
			);
			name = SprintStartUITests;
			packageProductDependencies = (
			);
			productName = SprintStartUITests;
			productReference = 149F35ED2DF8D22A0088FB6F /* SprintStartUITests.xctest */;
			productType = "com.apple.product-type.bundle.ui-testing";
		};
/* End PBXNativeTarget section */

/* Begin PBXProject section */
		149F35CA2DF8D2280088FB6F /* Project object */ = {
			isa = PBXProject;
			attributes = {
				BuildIndependentTargetsInParallel = 1;
				LastSwiftUpdateCheck = 1620;
				LastUpgradeCheck = 2630;
				TargetAttributes = {
					149F35D12DF8D2280088FB6F = {
						CreatedOnToolsVersion = 16.2;
					};
					149F35E22DF8D22A0088FB6F = {
						CreatedOnToolsVersion = 16.2;
						TestTargetID = 149F35D12DF8D2280088FB6F;
					};
					149F35EC2DF8D22A0088FB6F = {
						CreatedOnToolsVersion = 16.2;
						TestTargetID = 149F35D12DF8D2280088FB6F;
					};
				};
			};
			buildConfigurationList = 149F35CD2DF8D2280088FB6F /* Build configuration list for PBXProject "SprintStart" */;
			developmentRegion = en;
			hasScannedForEncodings = 0;
			knownRegions = (
				en,
				Base,
			);
			mainGroup = 149F35C92DF8D2280088FB6F;
			minimizedProjectReferenceProxies = 1;
			packageReferences = (
			);
			preferredProjectObjectVersion = 77;
			productRefGroup = 149F35D32DF8D2280088FB6F /* Products */;
			projectDirPath = "";
			projectRoot = "";
			targets = (
				149F35D12DF8D2280088FB6F /* SprintStart */,
				149F35E22DF8D22A0088FB6F /* SprintStartTests */,
				149F35EC2DF8D22A0088FB6F /* SprintStartUITests */,
			);
		};
/* End PBXProject section */

/* Begin PBXResourcesBuildPhase section */
		149F35D02DF8D2280088FB6F /* Resources */ = {
			isa = PBXResourcesBuildPhase;
			buildActionMask = 2147483647;
			files = (
				14FF22692F6B715C00A9AC06 /* Sprint Start Pro.storekit in Resources */,
			);
			runOnlyForDeploymentPostprocessing = 0;
		};
		149F35E12DF8D22A0088FB6F /* Resources */ = {
			isa = PBXResourcesBuildPhase;
			buildActionMask = 2147483647;
			files = (
				14FF226A2F6B715C00A9AC06 /* Sprint Start Pro.storekit in Resources */,
			);
			runOnlyForDeploymentPostprocessing = 0;
		};
		149F35EB2DF8D22A0088FB6F /* Resources */ = {
			isa = PBXResourcesBuildPhase;
			buildActionMask = 2147483647;
			files = (
				14FF226B2F6B715C00A9AC06 /* Sprint Start Pro.storekit in Resources */,
			);
			runOnlyForDeploymentPostprocessing = 0;
		};
/* End PBXResourcesBuildPhase section */

/* Begin PBXSourcesBuildPhase section */
		149F35CE2DF8D2280088FB6F /* Sources */ = {
			isa = PBXSourcesBuildPhase;
			buildActionMask = 2147483647;
			files = (
				1424B5342E30078500B9B8A1 /* SprintStartApp.swift in Sources */,
			);
			runOnlyForDeploymentPostprocessing = 0;
		};
		149F35DF2DF8D22A0088FB6F /* Sources */ = {
			isa = PBXSourcesBuildPhase;
			buildActionMask = 2147483647;
			files = (
			);
			runOnlyForDeploymentPostprocessing = 0;
		};
		149F35E92DF8D22A0088FB6F /* Sources */ = {
			isa = PBXSourcesBuildPhase;
			buildActionMask = 2147483647;
			files = (
			);
			runOnlyForDeploymentPostprocessing = 0;
		};
/* End PBXSourcesBuildPhase section */

/* Begin PBXTargetDependency section */
		149F35E52DF8D22A0088FB6F /* PBXTargetDependency */ = {
			isa = PBXTargetDependency;
			target = 149F35D12DF8D2280088FB6F /* SprintStart */;
			targetProxy = 149F35E42DF8D22A0088FB6F /* PBXContainerItemProxy */;
		};
		149F35EF2DF8D22A0088FB6F /* PBXTargetDependency */ = {
			isa = PBXTargetDependency;
			target = 149F35D12DF8D2280088FB6F /* SprintStart */;
			targetProxy = 149F35EE2DF8D22A0088FB6F /* PBXContainerItemProxy */;
		};
/* End PBXTargetDependency section */

/* Begin XCBuildConfiguration section */
		149F35F52DF8D22A0088FB6F /* Debug */ = {
			isa = XCBuildConfiguration;
			buildSettings = {
				ALWAYS_SEARCH_USER_PATHS = NO;
				ASSETCATALOG_COMPILER_GENERATE_SWIFT_ASSET_SYMBOL_EXTENSIONS = YES;
				CLANG_ANALYZER_NONNULL = YES;
				CLANG_ANALYZER_NUMBER_OBJECT_CONVERSION = YES_AGGRESSIVE;
				CLANG_CXX_LANGUAGE_STANDARD = "gnu++20";
				CLANG_ENABLE_MODULES = YES;
				CLANG_ENABLE_OBJC_ARC = YES;
				CLANG_ENABLE_OBJC_WEAK = YES;
				CLANG_WARN_BLOCK_CAPTURE_AUTORELEASING = YES;
				CLANG_WARN_BOOL_CONVERSION = YES;
				CLANG_WARN_COMMA = YES;
				CLANG_WARN_CONSTANT_CONVERSION = YES;
				CLANG_WARN_DEPRECATED_OBJC_IMPLEMENTATIONS = YES;
				CLANG_WARN_DIRECT_OBJC_ISA_USAGE = YES_ERROR;
				CLANG_WARN_DOCUMENTATION_COMMENTS = YES;
				CLANG_WARN_EMPTY_BODY = YES;
				CLANG_WARN_ENUM_CONVERSION = YES;
				CLANG_WARN_INFINITE_RECURSION = YES;
				CLANG_WARN_INT_CONVERSION = YES;
				CLANG_WARN_NON_LITERAL_NULL_CONVERSION = YES;
				CLANG_WARN_OBJC_IMPLICIT_RETAIN_SELF = YES;
				CLANG_WARN_OBJC_LITERAL_CONVERSION = YES;
				CLANG_WARN_OBJC_ROOT_CLASS = YES_ERROR;
				CLANG_WARN_QUOTED_INCLUDE_IN_FRAMEWORK_HEADER = YES;
				CLANG_WARN_RANGE_LOOP_ANALYSIS = YES;
				CLANG_WARN_STRICT_PROTOTYPES = YES;
				CLANG_WARN_SUSPICIOUS_MOVE = YES;
				CLANG_WARN_UNGUARDED_AVAILABILITY = YES_AGGRESSIVE;
				CLANG_WARN_UNREACHABLE_CODE = YES;
				CLANG_WARN__DUPLICATE_METHOD_MATCH = YES;
				COPY_PHASE_STRIP = NO;
				DEAD_CODE_STRIPPING = YES;
				DEBUG_INFORMATION_FORMAT = dwarf;
				DEVELOPMENT_TEAM = FVSSHM4YF8;
				ENABLE_STRICT_OBJC_MSGSEND = YES;
				ENABLE_TESTABILITY = YES;
				ENABLE_USER_SCRIPT_SANDBOXING = YES;
				GCC_C_LANGUAGE_STANDARD = gnu17;
				GCC_DYNAMIC_NO_PIC = NO;
				GCC_NO_COMMON_BLOCKS = YES;
				GCC_OPTIMIZATION_LEVEL = 0;
				GCC_PREPROCESSOR_DEFINITIONS = (
					"DEBUG=1",
					"$(inherited)",
				);
				GCC_WARN_64_TO_32_BIT_CONVERSION = YES;
				GCC_WARN_ABOUT_RETURN_TYPE = YES_ERROR;
				GCC_WARN_UNDECLARED_SELECTOR = YES;
				GCC_WARN_UNINITIALIZED_AUTOS = YES_AGGRESSIVE;
				GCC_WARN_UNUSED_FUNCTION = YES;
				GCC_WARN_UNUSED_VARIABLE = YES;
				LOCALIZATION_PREFERS_STRING_CATALOGS = YES;
				MTL_ENABLE_DEBUG_INFO = INCLUDE_SOURCE;
				MTL_FAST_MATH = YES;
				ONLY_ACTIVE_ARCH = YES;
				STRING_CATALOG_GENERATE_SYMBOLS = YES;
				SWIFT_ACTIVE_COMPILATION_CONDITIONS = "DEBUG $(inherited)";
				SWIFT_OPTIMIZATION_LEVEL = "-Onone";
			};
			name = Debug;
		};
		149F35F62DF8D22A0088FB6F /* Release */ = {
			isa = XCBuildConfiguration;
			buildSettings = {
				ALWAYS_SEARCH_USER_PATHS = NO;
				ASSETCATALOG_COMPILER_GENERATE_SWIFT_ASSET_SYMBOL_EXTENSIONS = YES;
				CLANG_ANALYZER_NONNULL = YES;
				CLANG_ANALYZER_NUMBER_OBJECT_CONVERSION = YES_AGGRESSIVE;
				CLANG_CXX_LANGUAGE_STANDARD = "gnu++20";
				CLANG_ENABLE_MODULES = YES;
				CLANG_ENABLE_OBJC_ARC = YES;
				CLANG_ENABLE_OBJC_WEAK = YES;
				CLANG_WARN_BLOCK_CAPTURE_AUTORELEASING = YES;
				CLANG_WARN_BOOL_CONVERSION = YES;
				CLANG_WARN_COMMA = YES;
				CLANG_WARN_CONSTANT_CONVERSION = YES;
				CLANG_WARN_DEPRECATED_OBJC_IMPLEMENTATIONS = YES;
				CLANG_WARN_DIRECT_OBJC_ISA_USAGE = YES_ERROR;
				CLANG_WARN_DOCUMENTATION_COMMENTS = YES;
				CLANG_WARN_EMPTY_BODY = YES;
				CLANG_WARN_ENUM_CONVERSION = YES;
				CLANG_WARN_INFINITE_RECURSION = YES;
				CLANG_WARN_INT_CONVERSION = YES;
				CLANG_WARN_NON_LITERAL_NULL_CONVERSION = YES;
				CLANG_WARN_OBJC_IMPLICIT_RETAIN_SELF = YES;
				CLANG_WARN_OBJC_LITERAL_CONVERSION = YES;
				CLANG_WARN_OBJC_ROOT_CLASS = YES_ERROR;
				CLANG_WARN_QUOTED_INCLUDE_IN_FRAMEWORK_HEADER = YES;
				CLANG_WARN_RANGE_LOOP_ANALYSIS = YES;
				CLANG_WARN_STRICT_PROTOTYPES = YES;
				CLANG_WARN_SUSPICIOUS_MOVE = YES;
				CLANG_WARN_UNGUARDED_AVAILABILITY = YES_AGGRESSIVE;
				CLANG_WARN_UNREACHABLE_CODE = YES;
				CLANG_WARN__DUPLICATE_METHOD_MATCH = YES;
				COPY_PHASE_STRIP = NO;
				DEAD_CODE_STRIPPING = YES;
				DEBUG_INFORMATION_FORMAT = "dwarf-with-dsym";
				DEVELOPMENT_TEAM = FVSSHM4YF8;
				ENABLE_NS_ASSERTIONS = NO;
				ENABLE_STRICT_OBJC_MSGSEND = YES;
				ENABLE_USER_SCRIPT_SANDBOXING = YES;
				GCC_C_LANGUAGE_STANDARD = gnu17;
				GCC_NO_COMMON_BLOCKS = YES;
				GCC_WARN_64_TO_32_BIT_CONVERSION = YES;
				GCC_WARN_ABOUT_RETURN_TYPE = YES_ERROR;
				GCC_WARN_UNDECLARED_SELECTOR = YES;
				GCC_WARN_UNINITIALIZED_AUTOS = YES_AGGRESSIVE;
				GCC_WARN_UNUSED_FUNCTION = YES;
				GCC_WARN_UNUSED_VARIABLE = YES;
				LOCALIZATION_PREFERS_STRING_CATALOGS = YES;
				MTL_ENABLE_DEBUG_INFO = NO;
				MTL_FAST_MATH = YES;
				STRING_CATALOG_GENERATE_SYMBOLS = YES;
				SWIFT_COMPILATION_MODE = wholemodule;
			};
			name = Release;
		};
		149F35F82DF8D22A0088FB6F /* Debug */ = {
			isa = XCBuildConfiguration;
			buildSettings = {
				ASSETCATALOG_COMPILER_APPICON_NAME = AppIcon;
				ASSETCATALOG_COMPILER_GLOBAL_ACCENT_COLOR_NAME = AccentColor;
				CODE_SIGN_ENTITLEMENTS = SprintStart/SprintStart.entitlements;
				CODE_SIGN_STYLE = Automatic;
				CURRENT_PROJECT_VERSION = 18;
				DEAD_CODE_STRIPPING = YES;
				DEVELOPMENT_ASSET_PATHS = "\"SprintStart/Preview Content\"";
				DEVELOPMENT_TEAM = FVSSHM4YF8;
				ENABLE_APP_SANDBOX = YES;
				ENABLE_HARDENED_RUNTIME = YES;
				ENABLE_PREVIEWS = YES;
				ENABLE_USER_SELECTED_FILES = readonly;
				GENERATE_INFOPLIST_FILE = YES;
				INFOPLIST_KEY_CFBundleDisplayName = "Sprint Start Pro";
				INFOPLIST_KEY_ITSAppUsesNonExemptEncryption = NO;
				INFOPLIST_KEY_LSApplicationCategoryType = "public.app-category.sports";
				"INFOPLIST_KEY_UIApplicationSceneManifest_Generation[sdk=iphoneos*]" = YES;
				"INFOPLIST_KEY_UIApplicationSceneManifest_Generation[sdk=iphonesimulator*]" = YES;
				"INFOPLIST_KEY_UIApplicationSupportsIndirectInputEvents[sdk=iphoneos*]" = YES;
				"INFOPLIST_KEY_UIApplicationSupportsIndirectInputEvents[sdk=iphonesimulator*]" = YES;
				"INFOPLIST_KEY_UILaunchScreen_Generation[sdk=iphoneos*]" = YES;
				"INFOPLIST_KEY_UILaunchScreen_Generation[sdk=iphonesimulator*]" = YES;
				INFOPLIST_KEY_UIRequiresFullScreen = YES;
				"INFOPLIST_KEY_UIStatusBarStyle[sdk=iphoneos*]" = UIStatusBarStyleDefault;
				"INFOPLIST_KEY_UIStatusBarStyle[sdk=iphonesimulator*]" = UIStatusBarStyleDefault;
				INFOPLIST_KEY_UISupportedInterfaceOrientations = UIInterfaceOrientationPortrait;
				IPHONEOS_DEPLOYMENT_TARGET = 18.0;
				LD_RUNPATH_SEARCH_PATHS = "@executable_path/Frameworks";
				"LD_RUNPATH_SEARCH_PATHS[sdk=macosx*]" = "@executable_path/../Frameworks";
				MACOSX_DEPLOYMENT_TARGET = 14.6;
				MARKETING_VERSION = 1.5.0;
				PRODUCT_BUNDLE_IDENTIFIER = com.zack.sprintstart;
				PRODUCT_NAME = "$(TARGET_NAME)";
				SDKROOT = auto;
				SUPPORTED_PLATFORMS = "iphoneos iphonesimulator";
				SUPPORTS_MACCATALYST = NO;
				SWIFT_EMIT_LOC_STRINGS = YES;
				SWIFT_VERSION = 5.0;
				TARGETED_DEVICE_FAMILY = 1;
				XROS_DEPLOYMENT_TARGET = 2.2;
			};
			name = Debug;
		};
		149F35F92DF8D22A0088FB6F /* Release */ = {
			isa = XCBuildConfiguration;
			buildSettings = {
				ASSETCATALOG_COMPILER_APPICON_NAME = AppIcon;
				ASSETCATALOG_COMPILER_GLOBAL_ACCENT_COLOR_NAME = AccentColor;
				CODE_SIGN_ENTITLEMENTS = SprintStart/SprintStart.entitlements;
				CODE_SIGN_STYLE = Automatic;
				CURRENT_PROJECT_VERSION = 18;
				DEAD_CODE_STRIPPING = YES;
				DEVELOPMENT_ASSET_PATHS = "\"SprintStart/Preview Content\"";
				DEVELOPMENT_TEAM = FVSSHM4YF8;
				ENABLE_APP_SANDBOX = YES;
				ENABLE_HARDENED_RUNTIME = YES;
				ENABLE_PREVIEWS = YES;
				ENABLE_USER_SELECTED_FILES = readonly;
				GENERATE_INFOPLIST_FILE = YES;
				INFOPLIST_KEY_CFBundleDisplayName = "Sprint Start Pro";
				INFOPLIST_KEY_ITSAppUsesNonExemptEncryption = NO;
				INFOPLIST_KEY_LSApplicationCategoryType = "public.app-category.sports";
				"INFOPLIST_KEY_UIApplicationSceneManifest_Generation[sdk=iphoneos*]" = YES;
				"INFOPLIST_KEY_UIApplicationSceneManifest_Generation[sdk=iphonesimulator*]" = YES;
				"INFOPLIST_KEY_UIApplicationSupportsIndirectInputEvents[sdk=iphoneos*]" = YES;
				"INFOPLIST_KEY_UIApplicationSupportsIndirectInputEvents[sdk=iphonesimulator*]" = YES;
				"INFOPLIST_KEY_UILaunchScreen_Generation[sdk=iphoneos*]" = YES;
				"INFOPLIST_KEY_UILaunchScreen_Generation[sdk=iphonesimulator*]" = YES;
				INFOPLIST_KEY_UIRequiresFullScreen = YES;
				"INFOPLIST_KEY_UIStatusBarStyle[sdk=iphoneos*]" = UIStatusBarStyleDefault;
				"INFOPLIST_KEY_UIStatusBarStyle[sdk=iphonesimulator*]" = UIStatusBarStyleDefault;
				INFOPLIST_KEY_UISupportedInterfaceOrientations = UIInterfaceOrientationPortrait;
				IPHONEOS_DEPLOYMENT_TARGET = 18.0;
				LD_RUNPATH_SEARCH_PATHS = "@executable_path/Frameworks";
				"LD_RUNPATH_SEARCH_PATHS[sdk=macosx*]" = "@executable_path/../Frameworks";
				MACOSX_DEPLOYMENT_TARGET = 14.6;
				MARKETING_VERSION = 1.5.0;
				PRODUCT_BUNDLE_IDENTIFIER = com.zack.sprintstart;
				PRODUCT_NAME = "$(TARGET_NAME)";
				SDKROOT = auto;
				SUPPORTED_PLATFORMS = "iphoneos iphonesimulator";
				SUPPORTS_MACCATALYST = NO;
				SWIFT_EMIT_LOC_STRINGS = YES;
				SWIFT_VERSION = 5.0;
				TARGETED_DEVICE_FAMILY = 1;
				XROS_DEPLOYMENT_TARGET = 2.2;
			};
			name = Release;
		};
		149F35FB2DF8D22A0088FB6F /* Debug */ = {
			isa = XCBuildConfiguration;
			buildSettings = {
				BUNDLE_LOADER = "$(TEST_HOST)";
				CODE_SIGN_STYLE = Automatic;
				CURRENT_PROJECT_VERSION = 1;
				DEAD_CODE_STRIPPING = YES;
				GENERATE_INFOPLIST_FILE = YES;
				IPHONEOS_DEPLOYMENT_TARGET = 18.2;
				MACOSX_DEPLOYMENT_TARGET = 14.6;
				MARKETING_VERSION = 1.0;
				PRODUCT_BUNDLE_IDENTIFIER = Krackles.SprintStartTests;
				PRODUCT_NAME = "$(TARGET_NAME)";
				SDKROOT = auto;
				SUPPORTED_PLATFORMS = "iphoneos iphonesimulator";
				SUPPORTS_MACCATALYST = NO;
				SWIFT_EMIT_LOC_STRINGS = NO;
				SWIFT_VERSION = 5.0;
				TARGETED_DEVICE_FAMILY = 1;
				TEST_HOST = "$(BUILT_PRODUCTS_DIR)/SprintStart.app/$(BUNDLE_EXECUTABLE_FOLDER_PATH)/SprintStart";
				XROS_DEPLOYMENT_TARGET = 2.2;
			};
			name = Debug;
		};
		149F35FC2DF8D22A0088FB6F /* Release */ = {
			isa = XCBuildConfiguration;
			buildSettings = {
				BUNDLE_LOADER = "$(TEST_HOST)";
				CODE_SIGN_STYLE = Automatic;
				CURRENT_PROJECT_VERSION = 1;
				DEAD_CODE_STRIPPING = YES;
				GENERATE_INFOPLIST_FILE = YES;
				IPHONEOS_DEPLOYMENT_TARGET = 18.2;
				MACOSX_DEPLOYMENT_TARGET = 14.6;
				MARKETING_VERSION = 1.0;
				PRODUCT_BUNDLE_IDENTIFIER = Krackles.SprintStartTests;
				PRODUCT_NAME = "$(TARGET_NAME)";
				SDKROOT = auto;
				SUPPORTED_PLATFORMS = "iphoneos iphonesimulator";
				SUPPORTS_MACCATALYST = NO;
				SWIFT_EMIT_LOC_STRINGS = NO;
				SWIFT_VERSION = 5.0;
				TARGETED_DEVICE_FAMILY = 1;
				TEST_HOST = "$(BUILT_PRODUCTS_DIR)/SprintStart.app/$(BUNDLE_EXECUTABLE_FOLDER_PATH)/SprintStart";
				XROS_DEPLOYMENT_TARGET = 2.2;
			};
			name = Release;
		};
		149F35FE2DF8D22A0088FB6F /* Debug */ = {
			isa = XCBuildConfiguration;
			buildSettings = {
				CODE_SIGN_STYLE = Automatic;
				CURRENT_PROJECT_VERSION = 1;
				DEAD_CODE_STRIPPING = YES;
				GENERATE_INFOPLIST_FILE = YES;
				IPHONEOS_DEPLOYMENT_TARGET = 18.0;
				MACOSX_DEPLOYMENT_TARGET = 14.6;
				MARKETING_VERSION = 1.0;
				PRODUCT_BUNDLE_IDENTIFIER = Krackles.SprintStartUITests;
				PRODUCT_NAME = "$(TARGET_NAME)";
				SDKROOT = auto;
				SUPPORTED_PLATFORMS = "iphoneos iphonesimulator";
				SUPPORTS_MACCATALYST = NO;
				SWIFT_EMIT_LOC_STRINGS = NO;
				SWIFT_VERSION = 5.0;
				TARGETED_DEVICE_FAMILY = 1;
				TEST_TARGET_NAME = SprintStart;
				XROS_DEPLOYMENT_TARGET = 2.2;
			};
			name = Debug;
		};
		149F35FF2DF8D22A0088FB6F /* Release */ = {
			isa = XCBuildConfiguration;
			buildSettings = {
				CODE_SIGN_STYLE = Automatic;
				CURRENT_PROJECT_VERSION = 1;
				DEAD_CODE_STRIPPING = YES;
				GENERATE_INFOPLIST_FILE = YES;
				IPHONEOS_DEPLOYMENT_TARGET = 18.0;
				MACOSX_DEPLOYMENT_TARGET = 14.6;
				MARKETING_VERSION = 1.0;
				PRODUCT_BUNDLE_IDENTIFIER = Krackles.SprintStartUITests;
				PRODUCT_NAME = "$(TARGET_NAME)";
				SDKROOT = auto;
				SUPPORTED_PLATFORMS = "iphoneos iphonesimulator";
				SUPPORTS_MACCATALYST = NO;
				SWIFT_EMIT_LOC_STRINGS = NO;
				SWIFT_VERSION = 5.0;
				TARGETED_DEVICE_FAMILY = 1;
				TEST_TARGET_NAME = SprintStart;
				XROS_DEPLOYMENT_TARGET = 2.2;
			};
			name = Release;
		};
/* End XCBuildConfiguration section */

/* Begin XCConfigurationList section */
		149F35CD2DF8D2280088FB6F /* Build configuration list for PBXProject "SprintStart" */ = {
			isa = XCConfigurationList;
			buildConfigurations = (
				149F35F52DF8D22A0088FB6F /* Debug */,
				149F35F62DF8D22A0088FB6F /* Release */,
			);
			defaultConfigurationIsVisible = 0;
			defaultConfigurationName = Release;
		};
		149F35F72DF8D22A0088FB6F /* Build configuration list for PBXNativeTarget "SprintStart" */ = {
			isa = XCConfigurationList;
			buildConfigurations = (
				149F35F82DF8D22A0088FB6F /* Debug */,
				149F35F92DF8D22A0088FB6F /* Release */,
			);
			defaultConfigurationIsVisible = 0;
			defaultConfigurationName = Release;
		};
		149F35FA2DF8D22A0088FB6F /* Build configuration list for PBXNativeTarget "SprintStartTests" */ = {
			isa = XCConfigurationList;
			buildConfigurations = (
				149F35FB2DF8D22A0088FB6F /* Debug */,
				149F35FC2DF8D22A0088FB6F /* Release */,
			);
			defaultConfigurationIsVisible = 0;
			defaultConfigurationName = Release;
		};
		149F35FD2DF8D22A0088FB6F /* Build configuration list for PBXNativeTarget "SprintStartUITests" */ = {
			isa = XCConfigurationList;
			buildConfigurations = (
				149F35FE2DF8D22A0088FB6F /* Debug */,
				149F35FF2DF8D22A0088FB6F /* Release */,
			);
			defaultConfigurationIsVisible = 0;
			defaultConfigurationName = Release;
		};
/* End XCConfigurationList section */
	};
	rootObject = 149F35CA2DF8D2280088FB6F /* Project object */;
}
